{
  "name": "mp3-to-wav",
  "lockfileVersion": 3,
  "requires": true,
  "packages": {
    "": {
      "dependencies": {
        "audio-decode": "^2.2.0",
        "mp3-duration": "^1.1.0",
        "web-audio-engine": "^0.13.4"
      }
    },
    "node_modules/@eshaz/web-worker": {
      "version": "1.2.2",
      "resolved": "https://registry.npmjs.org/@eshaz/web-worker/-/web-worker-1.2.2.tgz",
      "integrity": "sha512-WxXiHFmD9u/owrzempiDlBB1ZYqiLnm9s6aPc8AlFQalq2tKmqdmMr9GXOupDgzXtqnBipj8Un0gkIm7Sjf8mw=="
    },
    "node_modules/@thi.ng/bitstream": {
      "version": "2.2.57",
      "resolved": "https://registry.npmjs.org/@thi.ng/bitstream/-/bitstream-2.2.57.tgz",
      "integrity": "sha512-XEJtMwrObzB5Ky/4DbLFA5jcymXLwx46q+Jn55lXRCNbocenwxUJBC/GU/oJQALOLjVmFLqxhso7Z7ggCeFARw==",
      "funding": [
        {
          "type": "github",
          "url": "https://github.com/sponsors/postspectacular"
        },
        {
          "type": "patreon",
          "url": "https://patreon.com/thing_umbrella"
        }
      ],
      "dependencies": {
        "@thi.ng/errors": "^2.5.4"
      },
      "engines": {
        "node": ">=18"
      }
    },
    "node_modules/@thi.ng/errors": {
      "version": "2.5.4",
      "resolved": "https://registry.npmjs.org/@thi.ng/errors/-/errors-2.5.4.tgz",
      "integrity": "sha512-ZwlKNchTWg5vKWFZ+YgjLm509JCrKnxCwVTCY0NFpu/KbEXAvjdObfY8bGXI3rBj9rRlzJ3HAQGNYB8ieSuj4w==",
      "funding": [
        {
          "type": "github",
          "url": "https://github.com/sponsors/postspectacular"
        },
        {
          "type": "patreon",
          "url": "https://patreon.com/thing_umbrella"
        }
      ],
      "engines": {
        "node": ">=18"
      }
    },
    "node_modules/@wasm-audio-decoders/common": {
      "version": "9.0.5",
      "resolved": "https://registry.npmjs.org/@wasm-audio-decoders/common/-/common-9.0.5.tgz",
      "integrity": "sha512-b9JNh9sPAvn8PVIizNh9D60WkfQong/u9ea873H47u7zvVDLctxYIp2aZw9CQqXaQdk7JB3MoU5UHiseO40swg==",
      "dependencies": {
        "@eshaz/web-worker": "1.2.2",
        "simple-yenc": "^1.0.4"
      }
    },
    "node_modules/@wasm-audio-decoders/flac": {
      "version": "0.2.4",
      "resolved": "https://registry.npmjs.org/@wasm-audio-decoders/flac/-/flac-0.2.4.tgz",
      "integrity": "sha512-bsUlwIjd5y+IAEyILCQdi8y0LocKEkZ0enA8ljDL+NVVwN+5Rv5Xkm/HcdUxnB7MtekxN2cNcTsv1zkb2aZyWg==",
      "dependencies": {
        "@wasm-audio-decoders/common": "9.0.5",
        "codec-parser": "2.4.3"
      },
      "funding": {
        "type": "individual",
        "url": "https://github.com/sponsors/eshaz"
      }
    },
    "node_modules/@wasm-audio-decoders/ogg-vorbis": {
      "version": "0.1.15",
      "resolved": "https://registry.npmjs.org/@wasm-audio-decoders/ogg-vorbis/-/ogg-vorbis-0.1.15.tgz",
      "integrity": "sha512-skAN3NIrRzMkVouyfyq3gYT/op/K9iutMZr7kr5/9fnIaCnpYdrdbv69X8PZ6y3K2J5zy5KuGno5kzH8yGLOOg==",
      "dependencies": {
        "@wasm-audio-decoders/common": "9.0.5",
        "codec-parser": "2.4.3"
      },
      "funding": {
        "type": "individual",
        "url": "https://github.com/sponsors/eshaz"
      }
    },
    "node_modules/audio-buffer": {
      "version": "5.0.0",
      "resolved": "https://registry.npmjs.org/audio-buffer/-/audio-buffer-5.0.0.tgz",
      "integrity": "sha512-gsDyj1wwUp8u7NBB+eW6yhLb9ICf+0eBmDX8NGaAS00w8/fLqFdxUlL5Ge/U8kB64DlQhdonxYC59dXy1J7H/w=="
    },
    "node_modules/audio-decode": {
      "version": "2.2.0",
      "resolved": "https://registry.npmjs.org/audio-decode/-/audio-decode-2.2.0.tgz",
      "integrity": "sha512-3SLGQ4VL57+fuFHV5JBeTNx3frjdztOIm4LJBFqiFhMQGeerrcS3WQbfuPPOqcNmqFGmPeaAAFPCxF75cSK/pQ==",
      "dependencies": {
        "@wasm-audio-decoders/flac": "^0.2.1",
        "@wasm-audio-decoders/ogg-vorbis": "^0.1.12",
        "audio-buffer": "^5.0.0",
        "audio-type": "^2.2.1",
        "mpg123-decoder": "^0.4.10",
        "node-wav": "^0.0.2",
        "ogg-opus-decoder": "^1.6.8",
        "qoa-format": "^1.0.1"
      }
    },
    "node_modules/audio-decode/node_modules/audio-type": {
      "version": "2.2.1",
      "resolved": "https://registry.npmjs.org/audio-type/-/audio-type-2.2.1.tgz",
      "integrity": "sha512-En9AY6EG1qYqEy5L/quryzbA4akBpJrnBZNxeKTqGHC2xT9Qc4aZ8b7CcbOMFTTc/MGdoNyp+SN4zInZNKxMYA==",
      "engines": {
        "node": ">=14"
      }
    },
    "node_modules/audio-type": {
      "version": "1.0.2",
      "resolved": "https://registry.npmjs.org/audio-type/-/audio-type-1.0.2.tgz",
      "integrity": "sha512-vEbOFc2+he+/b5tLmnBINnHUYb3GDzW5tNPa9DHdyKdyLxO0w3V1Dtr9wjLswPXByCCt9uTRu6IzHZ/J/Om4uw==",
      "dependencies": {
        "is-flac": "^1.1.0",
        "is-m4a": "^1.1.0",
        "is-mp3": "^1.1.0",
        "is-ogg": "^1.1.0",
        "is-wav": "^1.1.0",
        "read-chunk": "^2.0.0"
      },
      "bin": {
        "audio-type": "cli.js"
      },
      "engines": {
        "node": ">=4"
      }
    },
    "node_modules/biquad-coeffs-webaudio": {
      "version": "1.2.0",
      "resolved": "https://registry.npmjs.org/biquad-coeffs-webaudio/-/biquad-coeffs-webaudio-1.2.0.tgz",
      "integrity": "sha512-wLvCRy6dt5/KJBiViyzqFn2zf/mQnXvSfUbAXnD1U2sC+AG3AQY29N3dHJgnoDBytQMcjkuYguV/90m0BTcUOg==",
      "dependencies": {
        "biquad-coeffs-webaudio-v2": "^1.2.0"
      }
    },
    "node_modules/biquad-coeffs-webaudio-v1": {
      "version": "1.2.0",
      "resolved": "https://registry.npmjs.org/biquad-coeffs-webaudio-v1/-/biquad-coeffs-webaudio-v1-1.2.0.tgz",
      "integrity": "sha512-ozb34pekehZ8XmQFv4se+osI4GZYICOxkjgfD3YG0uxfvWmbZp4FSInNBZfTDTam7Sd3Chq2exlqasX+df14Tg=="
    },
    "node_modules/biquad-coeffs-webaudio-v2": {
      "version": "1.2.0",
      "resolved": "https://registry.npmjs.org/biquad-coeffs-webaudio-v2/-/biquad-coeffs-webaudio-v2-1.2.0.tgz",
      "integrity": "sha512-xdK2tWv6AKab8sqnCgFBleJaxOHpW1HeY2tManUU2bpYYJFE2xhNHVVmKhroXZq2lfy7rjNNJOHK4Gm2y7LgIQ==",
      "dependencies": {
        "biquad-coeffs-webaudio-v1": "^1.2.0"
      }
    },
    "node_modules/bluebird": {
      "version": "3.7.2",
      "resolved": "https://registry.npmjs.org/bluebird/-/bluebird-3.7.2.tgz",
      "integrity": "sha512-XpNj6GDQzdfW+r2Wnn7xiSAd7TM3jzkxGXBGTtWKuSXv1xUV+azxAm8jdWZN06QTQk+2N2XB9jRDkvbmQmcRtg=="
    },
    "node_modules/bluebird-co": {
      "version": "2.2.0",
      "resolved": "https://registry.npmjs.org/bluebird-co/-/bluebird-co-2.2.0.tgz",
      "integrity": "sha512-p8EZTlGgWO6lUZkWbtmK90zhKNGy4CY9rLUUlI6aApZH0U7lAaJTb/KxkH2nHjKNpktN+iWtikXzAM+Z2dQJ5g==",
      "peerDependencies": {
        "bluebird": "^3.x"
      }
    },
    "node_modules/codec-parser": {
      "version": "2.4.3",
      "resolved": "https://registry.npmjs.org/codec-parser/-/codec-parser-2.4.3.tgz",
      "integrity": "sha512-3dAvFtdpxn4YLstqsB2ZiJXXNg7n1j7R5ONeDuk+2kBkb39PwrCRytOFHlSWA8q5jCjW3PumeMv9q37bFHsijg=="
    },
    "node_modules/fourier-transform": {
      "version": "1.1.2",
      "resolved": "https://registry.npmjs.org/fourier-transform/-/fourier-transform-1.1.2.tgz",
      "integrity": "sha512-TjdHddt7Wul3RXvm3O5euI64aAzUPhE1rqzuAFsIu7Puyny6CNLgL8bbKtYoIK71HSF90o+9WjUmRsXmYGYD0Q=="
    },
    "node_modules/is-flac": {
      "version": "1.1.2",
      "resolved": "https://registry.npmjs.org/is-flac/-/is-flac-1.1.2.tgz",
      "integrity": "sha512-bMCyh610qy9IAHHHxqMskwTbTHipJLRdcjrNkQjlwMJgAiA5DyVkBXF545xX+n/PFdlmUtG/2wAEV4WmdiJyrQ==",
      "engines": {
        "node": ">=4"
      }
    },
    "node_modules/is-m4a": {
      "version": "1.1.0",
      "resolved": "https://registry.npmjs.org/is-m4a/-/is-m4a-1.1.0.tgz",
      "integrity": "sha512-8LPSOaBA4OvJYlxVUMKGckZeoJxd0VhTqkb7noLdbcwGJCaYce6KC4GFTcK8H1rmUeXcLcH2ywODpVLJSIbLtg==",
      "engines": {
        "node": ">=0.10.0"
      }
    },
    "node_modules/is-mp3": {
      "version": "1.1.3",
      "resolved": "https://registry.npmjs.org/is-mp3/-/is-mp3-1.1.3.tgz",
      "integrity": "sha512-s9jAf4qmxd8MCOE0BRLzs9uZMM+hWWkIHBkPFOLU5NPT0ooCOaINRQ8ePBKWsfh1jOZr7Y7zFXpWxtIKaJhn4w==",
      "engines": {
        "node": ">=4"
      }
    },
    "node_modules/is-ogg": {
      "version": "1.1.2",
      "resolved": "https://registry.npmjs.org/is-ogg/-/is-ogg-1.1.2.tgz",
      "integrity": "sha512-5xNx56wkCD/WtIq2Ykzw6UhwtAEMT1+3II61wMEKgHjkCcEraCfOJi/XaOZWXMXVO+cvdhAHHBCaJHgx5xLagg==",
      "engines": {
        "node": ">=4"
      }
    },
    "node_modules/is-wav": {
      "version": "1.1.2",
      "resolved": "https://registry.npmjs.org/is-wav/-/is-wav-1.1.2.tgz",
      "integrity": "sha512-gLOkWlnwd//lRpIhe2u3Ow3mMls/4DIvoLuXwfxpOd/JBuql099f0ZTxwxqHn9Lz+ZG+7ZIMKPyIKG3D7Fot7A==",
      "engines": {
        "node": ">=4"
      }
    },
    "node_modules/mp3-duration": {
      "version": "1.1.0",
      "resolved": "https://registry.npmjs.org/mp3-duration/-/mp3-duration-1.1.0.tgz",
      "integrity": "sha512-5zO6ZLEHEPb1Da5p+et7zsMQ0pt0x2YCZLyUPayBqLMhLPQt3fFAXxvCyznZZQnhXCeIX99tXhvQocm8+VmpvA==",
      "dependencies": {
        "bluebird": "^3.5.1",
        "bluebird-co": "^2.2.0"
      },
      "engines": {
        "node": ">=0.11.0"
      }
    },
    "node_modules/mpg123-decoder": {
      "version": "0.4.12",
      "resolved": "https://registry.npmjs.org/mpg123-decoder/-/mpg123-decoder-0.4.12.tgz",
      "integrity": "sha512-BjeE7+D7FttqNRFtF3IgSSnG2Hn96ID4JDsCCmxhaPy2R1yuJu2gaabhlS9r12JibaRTT2SYDMXTyjD6xqe0fg==",
      "dependencies": {
        "@wasm-audio-decoders/common": "9.0.4"
      },
      "funding": {
        "type": "individual",
        "url": "https://github.com/sponsors/eshaz"
      }
    },
    "node_modules/mpg123-decoder/node_modules/@wasm-audio-decoders/common": {
      "version": "9.0.4",
      "resolved": "https://registry.npmjs.org/@wasm-audio-decoders/common/-/common-9.0.4.tgz",
      "integrity": "sha512-+XdSt6mMfvir5D+vcW8gLqledJIgzkBAGXOG7ySJtbKdOTHduG2YAHvUNH9/Mb2hkiM8U9EJrGA6HhbsqG/bbg==",
      "dependencies": {
        "@eshaz/web-worker": "1.2.2"
      }
    },
    "node_modules/nmap": {
      "version": "1.1.0",
      "resolved": "https://registry.npmjs.org/nmap/-/nmap-1.1.0.tgz",
      "integrity": "sha512-Mczjm9cSruux65U7fh6mWiSEpfmqVZFY5M4zGXz5VBI9tSFqrdLSqegeqC/IiUDh8mbC8JUF948bJz1VogdVyQ=="
    },
    "node_modules/node-wav": {
      "version": "0.0.2",
      "resolved": "https://registry.npmjs.org/node-wav/-/node-wav-0.0.2.tgz",
      "integrity": "sha512-M6Rm/bbG6De/gKGxOpeOobx/dnGuP0dz40adqx38boqHhlWssBJZgLCPBNtb9NkrmnKYiV04xELq+R6PFOnoLA==",
      "engines": {
        "node": ">=4.4.0"
      }
    },
    "node_modules/ogg-opus-decoder": {
      "version": "1.6.12",
      "resolved": "https://registry.npmjs.org/ogg-opus-decoder/-/ogg-opus-decoder-1.6.12.tgz",
      "integrity": "sha512-6MY/rgFegJABKVE7LS10lmVoy8dFhvLDbIlcymgMnn0qZG0YHqcUU+bW+MkVyhhWN3H0vqtkRlPHGOXU6yR5YQ==",
      "dependencies": {
        "@wasm-audio-decoders/common": "9.0.5",
        "codec-parser": "2.4.3",
        "opus-decoder": "0.7.6"
      },
      "funding": {
        "type": "individual",
        "url": "https://github.com/sponsors/eshaz"
      }
    },
    "node_modules/opus-decoder": {
      "version": "0.7.6",
      "resolved": "https://registry.npmjs.org/opus-decoder/-/opus-decoder-0.7.6.tgz",
      "integrity": "sha512-5QYSl1YQYbSzWL7vM4dJoyrLC804xIvBFjfKTZZ6/z/EgmdFouOTT+8PDM2V18vzgnhRNPDuyB2aTfl/2hvMRA==",
      "dependencies": {
        "@wasm-audio-decoders/common": "9.0.5"
      },
      "funding": {
        "type": "individual",
        "url": "https://github.com/sponsors/eshaz"
      }
    },
    "node_modules/pify": {
      "version": "3.0.0",
      "resolved": "https://registry.npmjs.org/pify/-/pify-3.0.0.tgz",
      "integrity": "sha512-C3FsVNH1udSEX48gGX1xfvwTWfsYWj5U+8/uK15BGzIGrKoUpghX8hWZwa/OFnakBiiVNmBvemTJR5mcy7iPcg==",
      "engines": {
        "node": ">=4"
      }
    },
    "node_modules/qoa-format": {
      "version": "1.0.1",
      "resolved": "https://registry.npmjs.org/qoa-format/-/qoa-format-1.0.1.tgz",
      "integrity": "sha512-dMB0Z6XQjdpz/Cw4Rf6RiBpQvUSPCfYlQMWvmuWlWkAT7nDQD29cVZ1SwDUB6DYJSitHENwbt90lqfI+7bvMcw==",
      "dependencies": {
        "@thi.ng/bitstream": "^2.2.12"
      }
    },
    "node_modules/read-chunk": {
      "version": "2.1.0",
      "resolved": "https://registry.npmjs.org/read-chunk/-/read-chunk-2.1.0.tgz",
      "integrity": "sha512-QQqB2O9KX/BnztP1xkTRsBxABcWHCXTqQYmEm/DdNId1nw+leKkZvV/g5oCKUrXolGtU3zouoIxMLToAYyDgDw==",
      "dependencies": {
        "pify": "^3.0.0",
        "safe-buffer": "^5.1.1"
      },
      "engines": {
        "node": ">=4"
      }
    },
    "node_modules/safe-buffer": {
      "version": "5.2.1",
      "resolved": "https://registry.npmjs.org/safe-buffer/-/safe-buffer-5.2.1.tgz",
      "integrity": "sha512-rp3So07KcdmmKbGvgaNxQSJr7bGVSVk5S9Eq1F+ppbRo70+YeaDxkw5Dd8NPN+GD6bjnYm2VuPuCXmpuYvmCXQ==",
      "funding": [
        {
          "type": "github",
          "url": "https://github.com/sponsors/feross"
        },
        {
          "type": "patreon",
          "url": "https://www.patreon.com/feross"
        },
        {
          "type": "consulting",
          "url": "https://feross.org/support"
        }
      ]
    },
    "node_modules/scijs-window-functions": {
      "version": "2.0.2",
      "resolved": "https://registry.npmjs.org/scijs-window-functions/-/scijs-window-functions-2.0.2.tgz",
      "integrity": "sha512-VpMbP/mqbwOqZgSdkNRQgn/0sPrx0r5yhG99lyenoYFaw45vKN3BmTLNSaTaEV7d7s6s8viSaKR4uhOa+lsbFg==",
      "deprecated": "This package has been renamed 'window-function'. The API is otherwise the same. Please switch."
    },
    "node_modules/simple-yenc": {
      "version": "1.0.4",
      "resolved": "https://registry.npmjs.org/simple-yenc/-/simple-yenc-1.0.4.tgz",
      "integrity": "sha512-5gvxpSd79e9a3V4QDYUqnqxeD4HGlhCakVpb6gMnDD7lexJggSBJRBO5h52y/iJrdXRilX9UCuDaIJhSWm5OWw==",
      "funding": {
        "type": "individual",
        "url": "https://github.com/sponsors/eshaz"
      }
    },
    "node_modules/wav-decoder": {
      "version": "1.3.0",
      "resolved": "https://registry.npmjs.org/wav-decoder/-/wav-decoder-1.3.0.tgz",
      "integrity": "sha512-4U6O/JNb1dPO90CO2YMTQ5N2plJcntm39vNMvRq9VZ4Vy5FzS7Lnx95N2QcYUyKYcZfCbhI//W3dSHA8YnOQyQ=="
    },
    "node_modules/wav-encoder": {
      "version": "1.3.0",
      "resolved": "https://registry.npmjs.org/wav-encoder/-/wav-encoder-1.3.0.tgz",
      "integrity": "sha512-FXJdEu2qDOI+wbVYZpu21CS1vPEg5NaxNskBr4SaULpOJMrLE6xkH8dECa7PiS+ZoeyvP7GllWUAxPN3AvFSEw=="
    },
    "node_modules/web-audio-engine": {
      "version": "0.13.4",
      "resolved": "https://registry.npmjs.org/web-audio-engine/-/web-audio-engine-0.13.4.tgz",
      "integrity": "sha512-ZglW6UMlHXXzHhHiMjhr6qMT1Jwg9OydRo1lg6T864+SaoPUnJtvD6AW4uWa+Gl++Cw8CkpIk/5Arc5QiKugJA==",
      "dependencies": {
        "audio-type": "^1.0.2",
        "biquad-coeffs-webaudio": "^1.2.0",
        "fourier-transform": "^1.0.2",
        "nmap": "^1.1.0",
        "scijs-window-functions": "^2.0.2",
        "wav-decoder": "^1.1.0",
        "wav-encoder": "^1.1.0"
      },
      "engines": {
        "node": ">= 4.0.0"
      }
    }
  }
}
